{
  "name": "portfolio",
  "version": "1.0.0",
  "lockfileVersion": 2,
  "requires": true,
  "packages": {
    "": {
      "name": "portfolio",
      "version": "1.0.0",
      "license": "ISC",
      "dependencies": {
        "animate.css": "^4.1.1",
        "aos": "^2.3.4",
        "bootstrap": "^5.2.1",
        "bootstrap-icons": "^1.9.1",
        "jquery": "^3.6.1",
        "portfolio": "^0.1.0"
      }
    },
    "node_modules/@popperjs/core": {
      "version": "2.11.6",
      "resolved": "https://registry.npmjs.org/@popperjs/core/-/core-2.11.6.tgz",
      "integrity": "sha512-50/17A98tWUfQ176raKiOGXuYpLyyVMkxxG6oylzL3BPOlA6ADGdK7EYunSa4I064xerltq9TGXs8HmOk5E+vw==",
      "peer": true,
      "funding": {
        "type": "opencollective",
        "url": "https://opencollective.com/popperjs"
      }
    },
    "node_modules/animate.css": {
      "version": "4.1.1",
      "resolved": "https://registry.npmjs.org/animate.css/-/animate.css-4.1.1.tgz",
      "integrity": "sha512-+mRmCTv6SbCmtYJCN4faJMNFVNN5EuCTTprDTAo7YzIGji2KADmakjVA3+8mVDkZ2Bf09vayB35lSQIex2+QaQ=="
    },
    "node_modules/aos": {
      "version": "2.3.4",
      "resolved": "https://registry.npmjs.org/aos/-/aos-2.3.4.tgz",
      "integrity": "sha512-zh/ahtR2yME4I51z8IttIt4lC1Nw0ktsFtmeDzID1m9naJnWXhCoARaCgNOGXb5CLy3zm+wqmRAEgMYB5E2HUw==",
      "dependencies": {
        "classlist-polyfill": "^1.0.3",
        "lodash.debounce": "^4.0.6",
        "lodash.throttle": "^4.0.1"
      }
    },
    "node_modules/async": {
      "version": "0.2.10",
      "resolved": "https://registry.npmjs.org/async/-/async-0.2.10.tgz",
      "integrity": "sha512-eAkdoKxU6/LkKDBzLpT+t6Ff5EtfSF4wx1WfJiPEEV7WNLnDaRXk0oVysiEPm262roaachGexwUv94WhSgN5TQ=="
    },
    "node_modules/bootstrap": {
      "version": "5.2.1",
      "resolved": "https://registry.npmjs.org/bootstrap/-/bootstrap-5.2.1.tgz",
      "integrity": "sha512-UQi3v2NpVPEi1n35dmRRzBJFlgvWHYwyem6yHhuT6afYF+sziEt46McRbT//kVXZ7b1YUYEVGdXEH74Nx3xzGA==",
      "funding": [
        {
          "type": "github",
          "url": "https://github.com/sponsors/twbs"
        },
        {
          "type": "opencollective",
          "url": "https://opencollective.com/bootstrap"
        }
      ],
      "peerDependencies": {
        "@popperjs/core": "^2.11.6"
      }
    },
    "node_modules/bootstrap-icons": {
      "version": "1.9.1",
      "resolved": "https://registry.npmjs.org/bootstrap-icons/-/bootstrap-icons-1.9.1.tgz",
      "integrity": "sha512-d4ZkO30MIkAhQ2nNRJqKXJVEQorALGbLWTuRxyCTJF96lRIV6imcgMehWGJUiJMJhglN0o2tqLIeDnMdiQEE9g=="
    },
    "node_modules/classlist-polyfill": {
      "version": "1.2.0",
      "resolved": "https://registry.npmjs.org/classlist-polyfill/-/classlist-polyfill-1.2.0.tgz",
      "integrity": "sha512-GzIjNdcEtH4ieA2S8NmrSxv7DfEV5fmixQeyTmqmRmRJPGpRBaSnA2a0VrCjyT8iW8JjEdMbKzDotAJf+ajgaQ=="
    },
    "node_modules/ent": {
      "version": "0.1.0",
      "resolved": "https://registry.npmjs.org/ent/-/ent-0.1.0.tgz",
      "integrity": "sha512-PbK5mxYxP1PzKjk6nZJkoKAdUC5dZzfat84bt0kkmmgq6Ot48IgWLqvAYRXPdhmkfiMbMARzeL2WEEElc1CIVw=="
    },
    "node_modules/jquery": {
      "version": "3.6.1",
      "resolved": "https://registry.npmjs.org/jquery/-/jquery-3.6.1.tgz",
      "integrity": "sha512-opJeO4nCucVnsjiXOE+/PcCgYw9Gwpvs/a6B1LL/lQhwWwpbVEVYDZ1FokFr8PRc7ghYlrFPuyHuiiDNTQxmcw=="
    },
    "node_modules/lodash": {
      "version": "2.3.0",
      "resolved": "https://registry.npmjs.org/lodash/-/lodash-2.3.0.tgz",
      "integrity": "sha512-1cKXXnLDXhXBP8H1ZECyE1znMFLUjMiV9WrVx6/Mi8Ocm/wwjuhWNpLFefQdv05+uMtIAdOVPnG3SFxcOUZzBw==",
      "engines": [
        "node",
        "rhino"
      ]
    },
    "node_modules/lodash.debounce": {
      "version": "4.0.8",
      "resolved": "https://registry.npmjs.org/lodash.debounce/-/lodash.debounce-4.0.8.tgz",
      "integrity": "sha512-FT1yDzDYEoYWhnSGnpE/4Kj1fLZkDFyqRb7fNt6FdYOSxlUWAtp42Eh6Wb0rGIv/m9Bgo7x4GhQbm5Ys4SG5ow=="
    },
    "node_modules/lodash.throttle": {
      "version": "4.1.1",
      "resolved": "https://registry.npmjs.org/lodash.throttle/-/lodash.throttle-4.1.1.tgz",
      "integrity": "sha512-wIkUCfVKpVsWo3JSZlc+8MB5it+2AN5W8J7YVMST30UrvcQNZ1Okbj+rbVniijTWE6FGYy4XJq/rHkas8qJMLQ=="
    },
    "node_modules/moment": {
      "version": "2.4.0",
      "resolved": "https://registry.npmjs.org/moment/-/moment-2.4.0.tgz",
      "integrity": "sha512-bVt+y7LxXatNEFjwDF3MlyzuS7rETg6Wg37/6n8r1GDK0NtLaFAmGcUbTarqBSdgsLnTA3Ar96iiShEiGQZzng==",
      "engines": {
        "node": "*"
      }
    },
    "node_modules/portfolio": {
      "version": "0.1.0",
      "resolved": "https://registry.npmjs.org/portfolio/-/portfolio-0.1.0.tgz",
      "integrity": "sha512-/L8UQwcxcT5IEH+1NvqkygqsqPKFScI6hbPhQWN438aA7oEbVmP5JJA/JWNh8D4ocLAgengYNOAcp5m7IqnMaA==",
      "dependencies": {
        "async": "~0.2.9",
        "ent": "~0.1.0",
        "lodash": "~2.3.0",
        "moment": "~2.4.0",
        "string": "~1.7.0",
        "xml2js": "~0.4.0"
      }
    },
    "node_modules/sax": {
      "version": "1.2.4",
      "resolved": "https://registry.npmjs.org/sax/-/sax-1.2.4.tgz",
      "integrity": "sha512-NqVDv9TpANUjFm0N8uM5GxL36UgKi9/atZw+x7YFnQ8ckwFGKrl4xX4yWtrey3UJm5nP1kUbnYgLopqWNSRhWw=="
    },
    "node_modules/string": {
      "version": "1.7.0",
      "resolved": "https://registry.npmjs.org/string/-/string-1.7.0.tgz",
      "integrity": "sha512-1f3C1hDPqw/adk1cl9H4AUvnr9GXvce4RljOkDgBhOyBLgCjtf4qTTxLKgs+NS835xUp6j0JdKVspvmMPVvglw=="
    },
    "node_modules/xml2js": {
      "version": "0.4.23",
      "resolved": "https://registry.npmjs.org/xml2js/-/xml2js-0.4.23.tgz",
      "integrity": "sha512-ySPiMjM0+pLDftHgXY4By0uswI3SPKLDw/i3UXbnO8M/p28zqexCUoPmQFrYD+/1BzhGJSs2i1ERWKJAtiLrug==",
      "dependencies": {
        "sax": ">=0.6.0",
        "xmlbuilder": "~11.0.0"
      },
      "engines": {
        "node": ">=4.0.0"
      }
    },
    "node_modules/xmlbuilder": {
      "version": "11.0.1",
      "resolved": "https://registry.npmjs.org/xmlbuilder/-/xmlbuilder-11.0.1.tgz",
      "integrity": "sha512-fDlsI/kFEx7gLvbecc0/ohLG50fugQp8ryHzMTuW9vSa1GJ0XYWKnhsUx7oie3G98+r56aTQIUB4kht42R3JvA==",
      "engines": {
        "node": ">=4.0"
      }
    }
  },
  "dependencies": {
    "@popperjs/core": {
      "version": "2.11.6",
      "resolved": "https://registry.npmjs.org/@popperjs/core/-/core-2.11.6.tgz",
      "integrity": "sha512-50/17A98tWUfQ176raKiOGXuYpLyyVMkxxG6oylzL3BPOlA6ADGdK7EYunSa4I064xerltq9TGXs8HmOk5E+vw==",
      "peer": true
    },
    "animate.css": {
      "version": "4.1.1",
      "resolved": "https://registry.npmjs.org/animate.css/-/animate.css-4.1.1.tgz",
      "integrity": "sha512-+mRmCTv6SbCmtYJCN4faJMNFVNN5EuCTTprDTAo7YzIGji2KADmakjVA3+8mVDkZ2Bf09vayB35lSQIex2+QaQ=="
    },
    "aos": {
      "version": "2.3.4",
      "resolved": "https://registry.npmjs.org/aos/-/aos-2.3.4.tgz",
      "integrity": "sha512-zh/ahtR2yME4I51z8IttIt4lC1Nw0ktsFtmeDzID1m9naJnWXhCoARaCgNOGXb5CLy3zm+wqmRAEgMYB5E2HUw==",
      "requires": {
        "classlist-polyfill": "^1.0.3",
        "lodash.debounce": "^4.0.6",
        "lodash.throttle": "^4.0.1"
      }
    },
    "async": {
      "version": "0.2.10",
      "resolved": "https://registry.npmjs.org/async/-/async-0.2.10.tgz",
      "integrity": "sha512-eAkdoKxU6/LkKDBzLpT+t6Ff5EtfSF4wx1WfJiPEEV7WNLnDaRXk0oVysiEPm262roaachGexwUv94WhSgN5TQ=="
    },
    "bootstrap": {
      "version": "5.2.1",
      "resolved": "https://registry.npmjs.org/bootstrap/-/bootstrap-5.2.1.tgz",
      "integrity": "sha512-UQi3v2NpVPEi1n35dmRRzBJFlgvWHYwyem6yHhuT6afYF+sziEt46McRbT//kVXZ7b1YUYEVGdXEH74Nx3xzGA==",
      "requires": {}
    },
    "bootstrap-icons": {
      "version": "1.9.1",
      "resolved": "https://registry.npmjs.org/bootstrap-icons/-/bootstrap-icons-1.9.1.tgz",
      "integrity": "sha512-d4ZkO30MIkAhQ2nNRJqKXJVEQorALGbLWTuRxyCTJF96lRIV6imcgMehWGJUiJMJhglN0o2tqLIeDnMdiQEE9g=="
    },
    "classlist-polyfill": {
      "version": "1.2.0",
      "resolved": "https://registry.npmjs.org/classlist-polyfill/-/classlist-polyfill-1.2.0.tgz",
      "integrity": "sha512-GzIjNdcEtH4ieA2S8NmrSxv7DfEV5fmixQeyTmqmRmRJPGpRBaSnA2a0VrCjyT8iW8JjEdMbKzDotAJf+ajgaQ=="
    },
    "ent": {
      "version": "0.1.0",
      "resolved": "https://registry.npmjs.org/ent/-/ent-0.1.0.tgz",
      "integrity": "sha512-PbK5mxYxP1PzKjk6nZJkoKAdUC5dZzfat84bt0kkmmgq6Ot48IgWLqvAYRXPdhmkfiMbMARzeL2WEEElc1CIVw=="
    },
    "jquery": {
      "version": "3.6.1",
      "resolved": "https://registry.npmjs.org/jquery/-/jquery-3.6.1.tgz",
      "integrity": "sha512-opJeO4nCucVnsjiXOE+/PcCgYw9Gwpvs/a6B1LL/lQhwWwpbVEVYDZ1FokFr8PRc7ghYlrFPuyHuiiDNTQxmcw=="
    },
    "lodash": {
      "version": "2.3.0",
      "resolved": "https://registry.npmjs.org/lodash/-/lodash-2.3.0.tgz",
      "integrity": "sha512-1cKXXnLDXhXBP8H1ZECyE1znMFLUjMiV9WrVx6/Mi8Ocm/wwjuhWNpLFefQdv05+uMtIAdOVPnG3SFxcOUZzBw=="
    },
    "lodash.debounce": {
      "version": "4.0.8",
      "resolved": "https://registry.npmjs.org/lodash.debounce/-/lodash.debounce-4.0.8.tgz",
      "integrity": "sha512-FT1yDzDYEoYWhnSGnpE/4Kj1fLZkDFyqRb7fNt6FdYOSxlUWAtp42Eh6Wb0rGIv/m9Bgo7x4GhQbm5Ys4SG5ow=="
    },
    "lodash.throttle": {
      "version": "4.1.1",
      "resolved": "https://registry.npmjs.org/lodash.throttle/-/lodash.throttle-4.1.1.tgz",
      "integrity": "sha512-wIkUCfVKpVsWo3JSZlc+8MB5it+2AN5W8J7YVMST30UrvcQNZ1Okbj+rbVniijTWE6FGYy4XJq/rHkas8qJMLQ=="
    },
    "moment": {
      "version": "2.4.0",
      "resolved": "https://registry.npmjs.org/moment/-/moment-2.4.0.tgz",
      "integrity": "sha512-bVt+y7LxXatNEFjwDF3MlyzuS7rETg6Wg37/6n8r1GDK0NtLaFAmGcUbTarqBSdgsLnTA3Ar96iiShEiGQZzng=="
    },
    "portfolio": {
      "version": "0.1.0",
      "resolved": "https://registry.npmjs.org/portfolio/-/portfolio-0.1.0.tgz",
      "integrity": "sha512-/L8UQwcxcT5IEH+1NvqkygqsqPKFScI6hbPhQWN438aA7oEbVmP5JJA/JWNh8D4ocLAgengYNOAcp5m7IqnMaA==",
      "requires": {
        "async": "~0.2.9",
        "ent": "~0.1.0",
        "lodash": "~2.3.0",
        "moment": "~2.4.0",
        "string": "~1.7.0",
        "xml2js": "~0.4.0"
      }
    },
    "sax": {
      "version": "1.2.4",
      "resolved": "https://registry.npmjs.org/sax/-/sax-1.2.4.tgz",
      "integrity": "sha512-NqVDv9TpANUjFm0N8uM5GxL36UgKi9/atZw+x7YFnQ8ckwFGKrl4xX4yWtrey3UJm5nP1kUbnYgLopqWNSRhWw=="
    },
    "string": {
      "version": "1.7.0",
      "resolved": "https://registry.npmjs.org/string/-/string-1.7.0.tgz",
      "integrity": "sha512-1f3C1hDPqw/adk1cl9H4AUvnr9GXvce4RljOkDgBhOyBLgCjtf4qTTxLKgs+NS835xUp6j0JdKVspvmMPVvglw=="
    },
    "xml2js": {
      "version": "0.4.23",
      "resolved": "https://registry.npmjs.org/xml2js/-/xml2js-0.4.23.tgz",
      "integrity": "sha512-ySPiMjM0+pLDftHgXY4By0uswI3SPKLDw/i3UXbnO8M/p28zqexCUoPmQFrYD+/1BzhGJSs2i1ERWKJAtiLrug==",
      "requires": {
        "sax": ">=0.6.0",
        "xmlbuilder": "~11.0.0"
      }
    },
    "xmlbuilder": {
      "version": "11.0.1",
      "resolved": "https://registry.npmjs.org/xmlbuilder/-/xmlbuilder-11.0.1.tgz",
      "integrity": "sha512-fDlsI/kFEx7gLvbecc0/ohLG50fugQp8ryHzMTuW9vSa1GJ0XYWKnhsUx7oie3G98+r56aTQIUB4kht42R3JvA=="
    }
  }
}
